
Microsoft Visual Studio Solution File, Format Version 11.00
# Visual Studio 2010
Project("{FAE04EC0-301F-11D3-BF4B-00C04F79EFBC}") = "Unity.Wcf", "Unity.Wcf\Unity.Wcf.csproj", "{93B0FA38-49B5-4EA3-94D9-52460EA9B5F2}"
EndProject
Global
	GlobalSection(SolutionConfigurationPlatforms) = preSolution
		Debug|Any CPU = Debug|Any CPU
		Release|Any CPU = Release|Any CPU
	EndGlobalSection
	GlobalSection(ProjectConfigurationPlatforms) = postSolution
		{93B0FA38-49B5-4EA3-94D9-52460EA9B5F2}.Debug|Any CPU.ActiveCfg = Debug|Any CPU
		{93B0FA38-49B5-4EA3-94D9-52460EA9B5F2}.Debug|Any CPU.Build.0 = Debug|Any CPU
		{93B0FA38-49B5-4EA3-94D9-52460EA9B5F2}.Release|Any CPU.ActiveCfg = Release|Any CPU
		{93B0FA38-49B5-4EA3-94D9-52460EA9B5F2}.Release|Any CPU.Build.0 = Release|Any CPU
	EndGlobalSection
	GlobalSection(SolutionProperties) = preSolution
		HideSolutionNode = FALSE
	EndGlobalSection
EndGlobal
